
Microsoft Visual Studio Solution File, Format Version 12.00
# Visual Studio Version 17
VisualStudioVersion = 17.0.32112.339
MinimumVisualStudioVersion = 10.0.40219.1
Project("{FAE04EC0-301F-11D3-BF4B-00C04F79EFBC}") = "TelerikTask", "TelerikTask\TelerikTask.csproj", "{A7F33580-A119-4494-8DF2-9EDA2DC3C666}"
EndProject
Global
	GlobalSection(SolutionConfigurationPlatforms) = preSolution
		Debug|Any CPU = Debug|Any CPU
		Release|Any CPU = Release|Any CPU
	EndGlobalSection
	GlobalSection(ProjectConfigurationPlatforms) = postSolution
		{A7F33580-A119-4494-8DF2-9EDA2DC3C666}.Debug|Any CPU.ActiveCfg = Debug|Any CPU
		{A7F33580-A119-4494-8DF2-9EDA2DC3C666}.Debug|Any CPU.Build.0 = Debug|Any CPU
		{A7F33580-A119-4494-8DF2-9EDA2DC3C666}.Release|Any CPU.ActiveCfg = Release|Any CPU
		{A7F33580-A119-4494-8DF2-9EDA2DC3C666}.Release|Any CPU.Build.0 = Release|Any CPU
	EndGlobalSection
	GlobalSection(SolutionProperties) = preSolution
		HideSolutionNode = FALSE
	EndGlobalSection
	GlobalSection(ExtensibilityGlobals) = postSolution
		SolutionGuid = {09423A3C-77C1-4A4E-8AAD-47E6B635862F}
	EndGlobalSection
EndGlobal
